
Microsoft Visual Studio Solution File, Format Version 12.00
# Visual Studio 14
VisualStudioVersion = 14.0.24720.0
MinimumVisualStudioVersion = 10.0.40219.1
Project("{FAE04EC0-301F-11D3-BF4B-00C04F79EFBC}") = "LetsEat", "LetsEat\LetsEat.csproj", "{A208D6F4-4B06-47FB-BE11-33E126D0C483}"
EndProject
Project("{2150E333-8FDC-42A3-9474-1A3956D46DE8}") = "LetsEat", "LetsEat", "{A377EF14-EE61-49D5-8E0A-E38391BB790A}"
EndProject
Project("{2150E333-8FDC-42A3-9474-1A3956D46DE8}") = "LetsEat", "LetsEat", "{D1AA5069-5AD8-4147-A0FE-8CDCA6250404}"
EndProject
Global
	GlobalSection(SolutionConfigurationPlatforms) = preSolution
		Debug|Any CPU = Debug|Any CPU
		Debug|ARM = Debug|ARM
		Debug|x64 = Debug|x64
		Debug|x86 = Debug|x86
		Release|Any CPU = Release|Any CPU
		Release|ARM = Release|ARM
		Release|x64 = Release|x64
		Release|x86 = Release|x86
	EndGlobalSection
	GlobalSection(ProjectConfigurationPlatforms) = postSolution
		{A208D6F4-4B06-47FB-BE11-33E126D0C483}.Debug|Any CPU.ActiveCfg = Debug|Any CPU
		{A208D6F4-4B06-47FB-BE11-33E126D0C483}.Debug|Any CPU.Build.0 = Debug|Any CPU
		{A208D6F4-4B06-47FB-BE11-33E126D0C483}.Debug|Any CPU.Deploy.0 = Debug|Any CPU
		{A208D6F4-4B06-47FB-BE11-33E126D0C483}.Debug|ARM.ActiveCfg = Debug|ARM
		{A208D6F4-4B06-47FB-BE11-33E126D0C483}.Debug|ARM.Build.0 = Debug|ARM
		{A208D6F4-4B06-47FB-BE11-33E126D0C483}.Debug|ARM.Deploy.0 = Debug|ARM
		{A208D6F4-4B06-47FB-BE11-33E126D0C483}.Debug|x64.ActiveCfg = Debug|Any CPU
		{A208D6F4-4B06-47FB-BE11-33E126D0C483}.Debug|x64.Build.0 = Debug|Any CPU
		{A208D6F4-4B06-47FB-BE11-33E126D0C483}.Debug|x64.Deploy.0 = Debug|Any CPU
		{A208D6F4-4B06-47FB-BE11-33E126D0C483}.Debug|x86.ActiveCfg = Debug|x86
		{A208D6F4-4B06-47FB-BE11-33E126D0C483}.Debug|x86.Build.0 = Debug|x86
		{A208D6F4-4B06-47FB-BE11-33E126D0C483}.Debug|x86.Deploy.0 = Debug|x86
		{A208D6F4-4B06-47FB-BE11-33E126D0C483}.Release|Any CPU.ActiveCfg = Release|Any CPU
		{A208D6F4-4B06-47FB-BE11-33E126D0C483}.Release|Any CPU.Build.0 = Release|Any CPU
		{A208D6F4-4B06-47FB-BE11-33E126D0C483}.Release|Any CPU.Deploy.0 = Release|Any CPU
		{A208D6F4-4B06-47FB-BE11-33E126D0C483}.Release|ARM.ActiveCfg = Release|ARM
		{A208D6F4-4B06-47FB-BE11-33E126D0C483}.Release|ARM.Build.0 = Release|ARM
		{A208D6F4-4B06-47FB-BE11-33E126D0C483}.Release|ARM.Deploy.0 = Release|ARM
		{A208D6F4-4B06-47FB-BE11-33E126D0C483}.Release|x64.ActiveCfg = Release|Any CPU
		{A208D6F4-4B06-47FB-BE11-33E126D0C483}.Release|x64.Build.0 = Release|Any CPU
		{A208D6F4-4B06-47FB-BE11-33E126D0C483}.Release|x64.Deploy.0 = Release|Any CPU
		{A208D6F4-4B06-47FB-BE11-33E126D0C483}.Release|x86.ActiveCfg = Release|x86
		{A208D6F4-4B06-47FB-BE11-33E126D0C483}.Release|x86.Build.0 = Release|x86
		{A208D6F4-4B06-47FB-BE11-33E126D0C483}.Release|x86.Deploy.0 = Release|x86
	EndGlobalSection
	GlobalSection(SolutionProperties) = preSolution
		HideSolutionNode = FALSE
	EndGlobalSection
	GlobalSection(NestedProjects) = preSolution
		{A208D6F4-4B06-47FB-BE11-33E126D0C483} = {D1AA5069-5AD8-4147-A0FE-8CDCA6250404}
		{D1AA5069-5AD8-4147-A0FE-8CDCA6250404} = {A377EF14-EE61-49D5-8E0A-E38391BB790A}
	EndGlobalSection
EndGlobal
